// !$*UTF8*$!
{
	archiveVersion = 1;
	classes = {
	};
	objectVersion = 51;
	objects = {

/* Begin PBXBuildFile section */
		00FCAD069E5002FA95B20558 /* Pods_MyRxSwiftCollection_MyRxSwiftCollectionUITests.framework in Frameworks */ = {isa = PBXBuildFile; fileRef = FE2DA97F4A48C840D6CEE4D0 /* Pods_MyRxSwiftCollection_MyRxSwiftCollectionUITests.framework */; };
		957D37C5D42FE17A53C42BF7 /* Pods_MyRxSwiftCollectionTests.framework in Frameworks */ = {isa = PBXBuildFile; fileRef = 41183FC20058FFAAF8F84301 /* Pods_MyRxSwiftCollectionTests.framework */; };
		B0C076F9AA611A77EA672291 /* Pods_MyRxSwiftCollection.framework in Frameworks */ = {isa = PBXBuildFile; fileRef = 6088B2B92466AE80EFDF3142 /* Pods_MyRxSwiftCollection.framework */; };
		F208F7C7267DAADF00121FC8 /* AnimatedViewController.xib in Resources */ = {isa = PBXBuildFile; fileRef = F208F7C4267DAADF00121FC8 /* AnimatedViewController.xib */; };
		F208F7C8267DAADF00121FC8 /* AnimatedViewController.swift in Sources */ = {isa = PBXBuildFile; fileRef = F208F7C5267DAADF00121FC8 /* AnimatedViewController.swift */; };
		F208F7C9267DAADF00121FC8 /* AnimatedTableViewCell.swift in Sources */ = {isa = PBXBuildFile; fileRef = F208F7C6267DAADF00121FC8 /* AnimatedTableViewCell.swift */; };
		F208F7CB267DAC5200121FC8 /* AnimatedCellData.swift in Sources */ = {isa = PBXBuildFile; fileRef = F208F7CA267DAC5200121FC8 /* AnimatedCellData.swift */; };
		F290B082267CAFCB0052AF3F /* AppDelegate.swift in Sources */ = {isa = PBXBuildFile; fileRef = F290B081267CAFCB0052AF3F /* AppDelegate.swift */; };
		F290B086267CAFCB0052AF3F /* MainViewController.swift in Sources */ = {isa = PBXBuildFile; fileRef = F290B085267CAFCB0052AF3F /* MainViewController.swift */; };
		F290B089267CAFCB0052AF3F /* Main.storyboard in Resources */ = {isa = PBXBuildFile; fileRef = F290B087267CAFCB0052AF3F /* Main.storyboard */; };
		F290B08B267CAFD20052AF3F /* Assets.xcassets in Resources */ = {isa = PBXBuildFile; fileRef = F290B08A267CAFD20052AF3F /* Assets.xcassets */; };
		F290B08E267CAFD20052AF3F /* LaunchScreen.storyboard in Resources */ = {isa = PBXBuildFile; fileRef = F290B08C267CAFD20052AF3F /* LaunchScreen.storyboard */; };
		F290B099267CAFD20052AF3F /* MyRxSwiftCollectionTests.swift in Sources */ = {isa = PBXBuildFile; fileRef = F290B098267CAFD20052AF3F /* MyRxSwiftCollectionTests.swift */; };
		F290B0A4267CAFD20052AF3F /* MyRxSwiftCollectionUITests.swift in Sources */ = {isa = PBXBuildFile; fileRef = F290B0A3267CAFD20052AF3F /* MyRxSwiftCollectionUITests.swift */; };
		F290B0B3267CB45E0052AF3F /* MainTableViewCell.swift in Sources */ = {isa = PBXBuildFile; fileRef = F290B0B2267CB45E0052AF3F /* MainTableViewCell.swift */; };
		F290B0B6267CBB330052AF3F /* MyConstant.swift in Sources */ = {isa = PBXBuildFile; fileRef = F290B0B5267CBB330052AF3F /* MyConstant.swift */; };
		F290B0BB267CC06C0052AF3F /* SearchViewController.swift in Sources */ = {isa = PBXBuildFile; fileRef = F290B0B9267CC06C0052AF3F /* SearchViewController.swift */; };
		F290B0BC267CC06C0052AF3F /* SearchViewController.xib in Resources */ = {isa = PBXBuildFile; fileRef = F290B0BA267CC06C0052AF3F /* SearchViewController.xib */; };
		F290B0BF267CC25B0052AF3F /* BaseViewController.swift in Sources */ = {isa = PBXBuildFile; fileRef = F290B0BE267CC25B0052AF3F /* BaseViewController.swift */; };
		F290B0C1267CC3B30052AF3F /* SearchTableViewCell.swift in Sources */ = {isa = PBXBuildFile; fileRef = F290B0C0267CC3B30052AF3F /* SearchTableViewCell.swift */; };
		F290B0C3267CC6030052AF3F /* MainCoordinator.swift in Sources */ = {isa = PBXBuildFile; fileRef = F290B0C2267CC6030052AF3F /* MainCoordinator.swift */; };
		F290B0C6267CC7320052AF3F /* UIViewController + Extensions.swift in Sources */ = {isa = PBXBuildFile; fileRef = F290B0C5267CC7320052AF3F /* UIViewController + Extensions.swift */; };
		F2E0E78B267F33380017003C /* CarouselViewController.swift in Sources */ = {isa = PBXBuildFile; fileRef = F2E0E789267F33380017003C /* CarouselViewController.swift */; };
		F2E0E78C267F33380017003C /* CarouselViewController.xib in Resources */ = {isa = PBXBuildFile; fileRef = F2E0E78A267F33380017003C /* CarouselViewController.xib */; };
		F2E0E78E267F37B60017003C /* CarouselCollectionViewCell.swift in Sources */ = {isa = PBXBuildFile; fileRef = F2E0E78D267F37B60017003C /* CarouselCollectionViewCell.swift */; };
/* End PBXBuildFile section */

/* Begin PBXContainerItemProxy section */
		F290B095267CAFD20052AF3F /* PBXContainerItemProxy */ = {
			isa = PBXContainerItemProxy;
			containerPortal = F290B076267CAFCB0052AF3F /* Project object */;
			proxyType = 1;
			remoteGlobalIDString = F290B07D267CAFCB0052AF3F;
			remoteInfo = MyRxSwiftCollection;
		};
		F290B0A0267CAFD20052AF3F /* PBXContainerItemProxy */ = {
			isa = PBXContainerItemProxy;
			containerPortal = F290B076267CAFCB0052AF3F /* Project object */;
			proxyType = 1;
			remoteGlobalIDString = F290B07D267CAFCB0052AF3F;
			remoteInfo = MyRxSwiftCollection;
		};
/* End PBXContainerItemProxy section */

/* Begin PBXFileReference section */
		00421B2D39E90AC0C0A1E19E /* Pods-MyRxSwiftCollection-MyRxSwiftCollectionUITests.debug.xcconfig */ = {isa = PBXFileReference; includeInIndex = 1; lastKnownFileType = text.xcconfig; name = "Pods-MyRxSwiftCollection-MyRxSwiftCollectionUITests.debug.xcconfig"; path = "Target Support Files/Pods-MyRxSwiftCollection-MyRxSwiftCollectionUITests/Pods-MyRxSwiftCollection-MyRxSwiftCollectionUITests.debug.xcconfig"; sourceTree = "<group>"; };
		41183FC20058FFAAF8F84301 /* Pods_MyRxSwiftCollectionTests.framework */ = {isa = PBXFileReference; explicitFileType = wrapper.framework; includeInIndex = 0; path = Pods_MyRxSwiftCollectionTests.framework; sourceTree = BUILT_PRODUCTS_DIR; };
		6088B2B92466AE80EFDF3142 /* Pods_MyRxSwiftCollection.framework */ = {isa = PBXFileReference; explicitFileType = wrapper.framework; includeInIndex = 0; path = Pods_MyRxSwiftCollection.framework; sourceTree = BUILT_PRODUCTS_DIR; };
		93153EDFAD503C40C372ADA6 /* Pods-MyRxSwiftCollection.release.xcconfig */ = {isa = PBXFileReference; includeInIndex = 1; lastKnownFileType = text.xcconfig; name = "Pods-MyRxSwiftCollection.release.xcconfig"; path = "Target Support Files/Pods-MyRxSwiftCollection/Pods-MyRxSwiftCollection.release.xcconfig"; sourceTree = "<group>"; };
		B7AE1669F6C030F74469A208 /* Pods-MyRxSwiftCollection-MyRxSwiftCollectionUITests.release.xcconfig */ = {isa = PBXFileReference; includeInIndex = 1; lastKnownFileType = text.xcconfig; name = "Pods-MyRxSwiftCollection-MyRxSwiftCollectionUITests.release.xcconfig"; path = "Target Support Files/Pods-MyRxSwiftCollection-MyRxSwiftCollectionUITests/Pods-MyRxSwiftCollection-MyRxSwiftCollectionUITests.release.xcconfig"; sourceTree = "<group>"; };
		C2B66BE940CBC54D0E93BAFA /* Pods-MyRxSwiftCollectionTests.debug.xcconfig */ = {isa = PBXFileReference; includeInIndex = 1; lastKnownFileType = text.xcconfig; name = "Pods-MyRxSwiftCollectionTests.debug.xcconfig"; path = "Target Support Files/Pods-MyRxSwiftCollectionTests/Pods-MyRxSwiftCollectionTests.debug.xcconfig"; sourceTree = "<group>"; };
		E70CFD58D6E6258866AFED5D /* Pods-MyRxSwiftCollectionTests.release.xcconfig */ = {isa = PBXFileReference; includeInIndex = 1; lastKnownFileType = text.xcconfig; name = "Pods-MyRxSwiftCollectionTests.release.xcconfig"; path = "Target Support Files/Pods-MyRxSwiftCollectionTests/Pods-MyRxSwiftCollectionTests.release.xcconfig"; sourceTree = "<group>"; };
		F208F7C4267DAADF00121FC8 /* AnimatedViewController.xib */ = {isa = PBXFileReference; fileEncoding = 4; lastKnownFileType = file.xib; path = AnimatedViewController.xib; sourceTree = "<group>"; };
		F208F7C5267DAADF00121FC8 /* AnimatedViewController.swift */ = {isa = PBXFileReference; fileEncoding = 4; lastKnownFileType = sourcecode.swift; path = AnimatedViewController.swift; sourceTree = "<group>"; };
		F208F7C6267DAADF00121FC8 /* AnimatedTableViewCell.swift */ = {isa = PBXFileReference; fileEncoding = 4; lastKnownFileType = sourcecode.swift; path = AnimatedTableViewCell.swift; sourceTree = "<group>"; };
		F208F7CA267DAC5200121FC8 /* AnimatedCellData.swift */ = {isa = PBXFileReference; lastKnownFileType = sourcecode.swift; path = AnimatedCellData.swift; sourceTree = "<group>"; };
		F25FB92069DF1028B7540441 /* Pods-MyRxSwiftCollection.debug.xcconfig */ = {isa = PBXFileReference; includeInIndex = 1; lastKnownFileType = text.xcconfig; name = "Pods-MyRxSwiftCollection.debug.xcconfig"; path = "Target Support Files/Pods-MyRxSwiftCollection/Pods-MyRxSwiftCollection.debug.xcconfig"; sourceTree = "<group>"; };
		F290B07E267CAFCB0052AF3F /* MyRxSwiftCollection.app */ = {isa = PBXFileReference; explicitFileType = wrapper.application; includeInIndex = 0; path = MyRxSwiftCollection.app; sourceTree = BUILT_PRODUCTS_DIR; };
		F290B081267CAFCB0052AF3F /* AppDelegate.swift */ = {isa = PBXFileReference; lastKnownFileType = sourcecode.swift; path = AppDelegate.swift; sourceTree = "<group>"; };
		F290B085267CAFCB0052AF3F /* MainViewController.swift */ = {isa = PBXFileReference; lastKnownFileType = sourcecode.swift; path = MainViewController.swift; sourceTree = "<group>"; };
		F290B088267CAFCB0052AF3F /* Base */ = {isa = PBXFileReference; lastKnownFileType = file.storyboard; name = Base; path = Base.lproj/Main.storyboard; sourceTree = "<group>"; };
		F290B08A267CAFD20052AF3F /* Assets.xcassets */ = {isa = PBXFileReference; lastKnownFileType = folder.assetcatalog; path = Assets.xcassets; sourceTree = "<group>"; };
		F290B08D267CAFD20052AF3F /* Base */ = {isa = PBXFileReference; lastKnownFileType = file.storyboard; name = Base; path = Base.lproj/LaunchScreen.storyboard; sourceTree = "<group>"; };
		F290B08F267CAFD20052AF3F /* Info.plist */ = {isa = PBXFileReference; lastKnownFileType = text.plist.xml; path = Info.plist; sourceTree = "<group>"; };
		F290B094267CAFD20052AF3F /* MyRxSwiftCollectionTests.xctest */ = {isa = PBXFileReference; explicitFileType = wrapper.cfbundle; includeInIndex = 0; path = MyRxSwiftCollectionTests.xctest; sourceTree = BUILT_PRODUCTS_DIR; };
		F290B098267CAFD20052AF3F /* MyRxSwiftCollectionTests.swift */ = {isa = PBXFileReference; lastKnownFileType = sourcecode.swift; path = MyRxSwiftCollectionTests.swift; sourceTree = "<group>"; };
		F290B09A267CAFD20052AF3F /* Info.plist */ = {isa = PBXFileReference; lastKnownFileType = text.plist.xml; path = Info.plist; sourceTree = "<group>"; };
		F290B09F267CAFD20052AF3F /* MyRxSwiftCollectionUITests.xctest */ = {isa = PBXFileReference; explicitFileType = wrapper.cfbundle; includeInIndex = 0; path = MyRxSwiftCollectionUITests.xctest; sourceTree = BUILT_PRODUCTS_DIR; };
		F290B0A3267CAFD20052AF3F /* MyRxSwiftCollectionUITests.swift */ = {isa = PBXFileReference; lastKnownFileType = sourcecode.swift; path = MyRxSwiftCollectionUITests.swift; sourceTree = "<group>"; };
		F290B0A5267CAFD20052AF3F /* Info.plist */ = {isa = PBXFileReference; lastKnownFileType = text.plist.xml; path = Info.plist; sourceTree = "<group>"; };
		F290B0B2267CB45E0052AF3F /* MainTableViewCell.swift */ = {isa = PBXFileReference; lastKnownFileType = sourcecode.swift; path = MainTableViewCell.swift; sourceTree = "<group>"; };
		F290B0B5267CBB330052AF3F /* MyConstant.swift */ = {isa = PBXFileReference; lastKnownFileType = sourcecode.swift; path = MyConstant.swift; sourceTree = "<group>"; };
		F290B0B9267CC06C0052AF3F /* SearchViewController.swift */ = {isa = PBXFileReference; lastKnownFileType = sourcecode.swift; path = SearchViewController.swift; sourceTree = "<group>"; };
		F290B0BA267CC06C0052AF3F /* SearchViewController.xib */ = {isa = PBXFileReference; lastKnownFileType = file.xib; path = SearchViewController.xib; sourceTree = "<group>"; };
		F290B0BE267CC25B0052AF3F /* BaseViewController.swift */ = {isa = PBXFileReference; lastKnownFileType = sourcecode.swift; path = BaseViewController.swift; sourceTree = "<group>"; };
		F290B0C0267CC3B30052AF3F /* SearchTableViewCell.swift */ = {isa = PBXFileReference; lastKnownFileType = sourcecode.swift; path = SearchTableViewCell.swift; sourceTree = "<group>"; };
		F290B0C2267CC6030052AF3F /* MainCoordinator.swift */ = {isa = PBXFileReference; lastKnownFileType = sourcecode.swift; path = MainCoordinator.swift; sourceTree = "<group>"; };
		F290B0C5267CC7320052AF3F /* UIViewController + Extensions.swift */ = {isa = PBXFileReference; lastKnownFileType = sourcecode.swift; path = "UIViewController + Extensions.swift"; sourceTree = "<group>"; };
		F2E0E789267F33380017003C /* CarouselViewController.swift */ = {isa = PBXFileReference; lastKnownFileType = sourcecode.swift; path = CarouselViewController.swift; sourceTree = "<group>"; };
		F2E0E78A267F33380017003C /* CarouselViewController.xib */ = {isa = PBXFileReference; lastKnownFileType = file.xib; path = CarouselViewController.xib; sourceTree = "<group>"; };
		F2E0E78D267F37B60017003C /* CarouselCollectionViewCell.swift */ = {isa = PBXFileReference; lastKnownFileType = sourcecode.swift; path = CarouselCollectionViewCell.swift; sourceTree = "<group>"; };
		FE2DA97F4A48C840D6CEE4D0 /* Pods_MyRxSwiftCollection_MyRxSwiftCollectionUITests.framework */ = {isa = PBXFileReference; explicitFileType = wrapper.framework; includeInIndex = 0; path = Pods_MyRxSwiftCollection_MyRxSwiftCollectionUITests.framework; sourceTree = BUILT_PRODUCTS_DIR; };
/* End PBXFileReference section */

/* Begin PBXFrameworksBuildPhase section */
		F290B07B267CAFCB0052AF3F /* Frameworks */ = {
			isa = PBXFrameworksBuildPhase;
			buildActionMask = 2147483647;
			files = (
				B0C076F9AA611A77EA672291 /* Pods_MyRxSwiftCollection.framework in Frameworks */,
			);
			runOnlyForDeploymentPostprocessing = 0;
		};
		F290B091267CAFD20052AF3F /* Frameworks */ = {
			isa = PBXFrameworksBuildPhase;
			buildActionMask = 2147483647;
			files = (
				957D37C5D42FE17A53C42BF7 /* Pods_MyRxSwiftCollectionTests.framework in Frameworks */,
			);
			runOnlyForDeploymentPostprocessing = 0;
		};
		F290B09C267CAFD20052AF3F /* Frameworks */ = {
			isa = PBXFrameworksBuildPhase;
			buildActionMask = 2147483647;
			files = (
				00FCAD069E5002FA95B20558 /* Pods_MyRxSwiftCollection_MyRxSwiftCollectionUITests.framework in Frameworks */,
			);
			runOnlyForDeploymentPostprocessing = 0;
		};
/* End PBXFrameworksBuildPhase section */

/* Begin PBXGroup section */
		8D507AB0CB973D4E72EE4EB5 /* Pods */ = {
			isa = PBXGroup;
			children = (
				F25FB92069DF1028B7540441 /* Pods-MyRxSwiftCollection.debug.xcconfig */,
				93153EDFAD503C40C372ADA6 /* Pods-MyRxSwiftCollection.release.xcconfig */,
				00421B2D39E90AC0C0A1E19E /* Pods-MyRxSwiftCollection-MyRxSwiftCollectionUITests.debug.xcconfig */,
				B7AE1669F6C030F74469A208 /* Pods-MyRxSwiftCollection-MyRxSwiftCollectionUITests.release.xcconfig */,
				C2B66BE940CBC54D0E93BAFA /* Pods-MyRxSwiftCollectionTests.debug.xcconfig */,
				E70CFD58D6E6258866AFED5D /* Pods-MyRxSwiftCollectionTests.release.xcconfig */,
			);
			path = Pods;
			sourceTree = "<group>";
		};
		9FA3BAC701C8F158094BD544 /* Frameworks */ = {
			isa = PBXGroup;
			children = (
				6088B2B92466AE80EFDF3142 /* Pods_MyRxSwiftCollection.framework */,
				FE2DA97F4A48C840D6CEE4D0 /* Pods_MyRxSwiftCollection_MyRxSwiftCollectionUITests.framework */,
				41183FC20058FFAAF8F84301 /* Pods_MyRxSwiftCollectionTests.framework */,
			);
			name = Frameworks;
			sourceTree = "<group>";
		};
		F208F7C3267DAA3900121FC8 /* AnimatedDataSource */ = {
			isa = PBXGroup;
			children = (
				F208F7C6267DAADF00121FC8 /* AnimatedTableViewCell.swift */,
				F208F7C5267DAADF00121FC8 /* AnimatedViewController.swift */,
				F208F7C4267DAADF00121FC8 /* AnimatedViewController.xib */,
				F208F7CA267DAC5200121FC8 /* AnimatedCellData.swift */,
			);
			path = AnimatedDataSource;
			sourceTree = "<group>";
		};
		F290B075267CAFCB0052AF3F = {
			isa = PBXGroup;
			children = (
				F290B080267CAFCB0052AF3F /* MyRxSwiftCollection */,
				F290B097267CAFD20052AF3F /* MyRxSwiftCollectionTests */,
				F290B0A2267CAFD20052AF3F /* MyRxSwiftCollectionUITests */,
				F290B07F267CAFCB0052AF3F /* Products */,
				8D507AB0CB973D4E72EE4EB5 /* Pods */,
				9FA3BAC701C8F158094BD544 /* Frameworks */,
			);
			sourceTree = "<group>";
		};
		F290B07F267CAFCB0052AF3F /* Products */ = {
			isa = PBXGroup;
			children = (
				F290B07E267CAFCB0052AF3F /* MyRxSwiftCollection.app */,
				F290B094267CAFD20052AF3F /* MyRxSwiftCollectionTests.xctest */,
				F290B09F267CAFD20052AF3F /* MyRxSwiftCollectionUITests.xctest */,
			);
			name = Products;
			sourceTree = "<group>";
		};
		F290B080267CAFCB0052AF3F /* MyRxSwiftCollection */ = {
			isa = PBXGroup;
			children = (
				F290B0B7267CC02F0052AF3F /* ExampleScenes */,
				F290B0B4267CBB040052AF3F /* Resources */,
				F290B0B1267CB4390052AF3F /* MainViewController */,
				F290B0BD267CC2480052AF3F /* Base */,
				F290B0C4267CC6D10052AF3F /* Extension */,
				F290B081267CAFCB0052AF3F /* AppDelegate.swift */,
				F290B087267CAFCB0052AF3F /* Main.storyboard */,
				F290B08A267CAFD20052AF3F /* Assets.xcassets */,
				F290B08C267CAFD20052AF3F /* LaunchScreen.storyboard */,
				F290B08F267CAFD20052AF3F /* Info.plist */,
			);
			path = MyRxSwiftCollection;
			sourceTree = "<group>";
		};
		F290B097267CAFD20052AF3F /* MyRxSwiftCollectionTests */ = {
			isa = PBXGroup;
			children = (
				F290B098267CAFD20052AF3F /* MyRxSwiftCollectionTests.swift */,
				F290B09A267CAFD20052AF3F /* Info.plist */,
			);
			path = MyRxSwiftCollectionTests;
			sourceTree = "<group>";
		};
		F290B0A2267CAFD20052AF3F /* MyRxSwiftCollectionUITests */ = {
			isa = PBXGroup;
			children = (
				F290B0A3267CAFD20052AF3F /* MyRxSwiftCollectionUITests.swift */,
				F290B0A5267CAFD20052AF3F /* Info.plist */,
			);
			path = MyRxSwiftCollectionUITests;
			sourceTree = "<group>";
		};
		F290B0B1267CB4390052AF3F /* MainViewController */ = {
			isa = PBXGroup;
			children = (
				F290B085267CAFCB0052AF3F /* MainViewController.swift */,
				F290B0B2267CB45E0052AF3F /* MainTableViewCell.swift */,
			);
			path = MainViewController;
			sourceTree = "<group>";
		};
		F290B0B4267CBB040052AF3F /* Resources */ = {
			isa = PBXGroup;
			children = (
				F290B0B5267CBB330052AF3F /* MyConstant.swift */,
			);
			path = Resources;
			sourceTree = "<group>";
		};
		F290B0B7267CC02F0052AF3F /* ExampleScenes */ = {
			isa = PBXGroup;
			children = (
				F2E0E780267F325B0017003C /* Carousel */,
				F208F7C3267DAA3900121FC8 /* AnimatedDataSource */,
				F290B0B8267CC03D0052AF3F /* Search */,
			);
			path = ExampleScenes;
			sourceTree = "<group>";
		};
		F290B0B8267CC03D0052AF3F /* Search */ = {
			isa = PBXGroup;
			children = (
				F290B0B9267CC06C0052AF3F /* SearchViewController.swift */,
				F290B0BA267CC06C0052AF3F /* SearchViewController.xib */,
				F290B0C0267CC3B30052AF3F /* SearchTableViewCell.swift */,
			);
			path = Search;
			sourceTree = "<group>";
		};
		F290B0BD267CC2480052AF3F /* Base */ = {
			isa = PBXGroup;
			children = (
				F290B0BE267CC25B0052AF3F /* BaseViewController.swift */,
				F290B0C2267CC6030052AF3F /* MainCoordinator.swift */,
			);
			path = Base;
			sourceTree = "<group>";
		};
		F290B0C4267CC6D10052AF3F /* Extension */ = {
			isa = PBXGroup;
			children = (
				F290B0C5267CC7320052AF3F /* UIViewController + Extensions.swift */,
			);
			path = Extension;
			sourceTree = "<group>";
		};
		F2E0E780267F325B0017003C /* Carousel */ = {
			isa = PBXGroup;
			children = (
				F2E0E789267F33380017003C /* CarouselViewController.swift */,
				F2E0E78A267F33380017003C /* CarouselViewController.xib */,
				F2E0E78D267F37B60017003C /* CarouselCollectionViewCell.swift */,
			);
			path = Carousel;
			sourceTree = "<group>";
		};
/* End PBXGroup section */

/* Begin PBXNativeTarget section */
		F290B07D267CAFCB0052AF3F /* MyRxSwiftCollection */ = {
			isa = PBXNativeTarget;
			buildConfigurationList = F290B0A8267CAFD20052AF3F /* Build configuration list for PBXNativeTarget "MyRxSwiftCollection" */;
			buildPhases = (
				D42E8A68F38BBD32F8913E26 /* [CP] Check Pods Manifest.lock */,
				F290B07A267CAFCB0052AF3F /* Sources */,
				F290B07B267CAFCB0052AF3F /* Frameworks */,
				F290B07C267CAFCB0052AF3F /* Resources */,
				CE9EBF4624A675BFC07654C2 /* [CP] Embed Pods Frameworks */,
			);
			buildRules = (
			);
			dependencies = (
			);
			name = MyRxSwiftCollection;
			productName = MyRxSwiftCollection;
			productReference = F290B07E267CAFCB0052AF3F /* MyRxSwiftCollection.app */;
			productType = "com.apple.product-type.application";
		};
		F290B093267CAFD20052AF3F /* MyRxSwiftCollectionTests */ = {
			isa = PBXNativeTarget;
			buildConfigurationList = F290B0AB267CAFD20052AF3F /* Build configuration list for PBXNativeTarget "MyRxSwiftCollectionTests" */;
			buildPhases = (
				57B892E7F8B643F40A44F43B /* [CP] Check Pods Manifest.lock */,
				F290B090267CAFD20052AF3F /* Sources */,
				F290B091267CAFD20052AF3F /* Frameworks */,
				F290B092267CAFD20052AF3F /* Resources */,
			);
			buildRules = (
			);
			dependencies = (
				F290B096267CAFD20052AF3F /* PBXTargetDependency */,
			);
			name = MyRxSwiftCollectionTests;
			productName = MyRxSwiftCollectionTests;
			productReference = F290B094267CAFD20052AF3F /* MyRxSwiftCollectionTests.xctest */;
			productType = "com.apple.product-type.bundle.unit-test";
		};
		F290B09E267CAFD20052AF3F /* MyRxSwiftCollectionUITests */ = {
			isa = PBXNativeTarget;
			buildConfigurationList = F290B0AE267CAFD20052AF3F /* Build configuration list for PBXNativeTarget "MyRxSwiftCollectionUITests" */;
			buildPhases = (
				128A7A81C6A2A5832E43E556 /* [CP] Check Pods Manifest.lock */,
				F290B09B267CAFD20052AF3F /* Sources */,
				F290B09C267CAFD20052AF3F /* Frameworks */,
				F290B09D267CAFD20052AF3F /* Resources */,
				628CA0270381831BB86561D6 /* [CP] Embed Pods Frameworks */,
			);
			buildRules = (
			);
			dependencies = (
				F290B0A1267CAFD20052AF3F /* PBXTargetDependency */,
			);
			name = MyRxSwiftCollectionUITests;
			productName = MyRxSwiftCollectionUITests;
			productReference = F290B09F267CAFD20052AF3F /* MyRxSwiftCollectionUITests.xctest */;
			productType = "com.apple.product-type.bundle.ui-testing";
		};
/* End PBXNativeTarget section */

/* Begin PBXProject section */
		F290B076267CAFCB0052AF3F /* Project object */ = {
			isa = PBXProject;
			attributes = {
				LastSwiftUpdateCheck = 1250;
				LastUpgradeCheck = 1250;
				TargetAttributes = {
					F290B07D267CAFCB0052AF3F = {
						CreatedOnToolsVersion = 12.5;
					};
					F290B093267CAFD20052AF3F = {
						CreatedOnToolsVersion = 12.5;
						TestTargetID = F290B07D267CAFCB0052AF3F;
					};
					F290B09E267CAFD20052AF3F = {
						CreatedOnToolsVersion = 12.5;
						TestTargetID = F290B07D267CAFCB0052AF3F;
					};
				};
			};
			buildConfigurationList = F290B079267CAFCB0052AF3F /* Build configuration list for PBXProject "MyRxSwiftCollection" */;
			compatibilityVersion = "Xcode 9.3";
			developmentRegion = en;
			hasScannedForEncodings = 0;
			knownRegions = (
				en,
				Base,
			);
			mainGroup = F290B075267CAFCB0052AF3F;
			productRefGroup = F290B07F267CAFCB0052AF3F /* Products */;
			projectDirPath = "";
			projectRoot = "";
			targets = (
				F290B07D267CAFCB0052AF3F /* MyRxSwiftCollection */,
				F290B093267CAFD20052AF3F /* MyRxSwiftCollectionTests */,
				F290B09E267CAFD20052AF3F /* MyRxSwiftCollectionUITests */,
			);
		};
/* End PBXProject section */

/* Begin PBXResourcesBuildPhase section */
		F290B07C267CAFCB0052AF3F /* Resources */ = {
			isa = PBXResourcesBuildPhase;
			buildActionMask = 2147483647;
			files = (
				F290B08E267CAFD20052AF3F /* LaunchScreen.storyboard in Resources */,
				F290B08B267CAFD20052AF3F /* Assets.xcassets in Resources */,
				F2E0E78C267F33380017003C /* CarouselViewController.xib in Resources */,
				F290B0BC267CC06C0052AF3F /* SearchViewController.xib in Resources */,
				F208F7C7267DAADF00121FC8 /* AnimatedViewController.xib in Resources */,
				F290B089267CAFCB0052AF3F /* Main.storyboard in Resources */,
			);
			runOnlyForDeploymentPostprocessing = 0;
		};
		F290B092267CAFD20052AF3F /* Resources */ = {
			isa = PBXResourcesBuildPhase;
			buildActionMask = 2147483647;
			files = (
			);
			runOnlyForDeploymentPostprocessing = 0;
		};
		F290B09D267CAFD20052AF3F /* Resources */ = {
			isa = PBXResourcesBuildPhase;
			buildActionMask = 2147483647;
			files = (
			);
			runOnlyForDeploymentPostprocessing = 0;
		};
/* End PBXResourcesBuildPhase section */

/* Begin PBXShellScriptBuildPhase section */
		128A7A81C6A2A5832E43E556 /* [CP] Check Pods Manifest.lock */ = {
			isa = PBXShellScriptBuildPhase;
			buildActionMask = 2147483647;
			files = (
			);
			inputFileListPaths = (
			);
			inputPaths = (
				"${PODS_PODFILE_DIR_PATH}/Podfile.lock",
				"${PODS_ROOT}/Manifest.lock",
			);
			name = "[CP] Check Pods Manifest.lock";
			outputFileListPaths = (
			);
			outputPaths = (
				"$(DERIVED_FILE_DIR)/Pods-MyRxSwiftCollection-MyRxSwiftCollectionUITests-checkManifestLockResult.txt",
			);
			runOnlyForDeploymentPostprocessing = 0;
			shellPath = /bin/sh;
			shellScript = "diff \"${PODS_PODFILE_DIR_PATH}/Podfile.lock\" \"${PODS_ROOT}/Manifest.lock\" > /dev/null\nif [ $? != 0 ] ; then\n    # print error to STDERR\n    echo \"error: The sandbox is not in sync with the Podfile.lock. Run 'pod install' or update your CocoaPods installation.\" >&2\n    exit 1\nfi\n# This output is used by Xcode 'outputs' to avoid re-running this script phase.\necho \"SUCCESS\" > \"${SCRIPT_OUTPUT_FILE_0}\"\n";
			showEnvVarsInLog = 0;
		};
		57B892E7F8B643F40A44F43B /* [CP] Check Pods Manifest.lock */ = {
			isa = PBXShellScriptBuildPhase;
			buildActionMask = 2147483647;
			files = (
			);
			inputFileListPaths = (
			);
			inputPaths = (
				"${PODS_PODFILE_DIR_PATH}/Podfile.lock",
				"${PODS_ROOT}/Manifest.lock",
			);
			name = "[CP] Check Pods Manifest.lock";
			outputFileListPaths = (
			);
			outputPaths = (
				"$(DERIVED_FILE_DIR)/Pods-MyRxSwiftCollectionTests-checkManifestLockResult.txt",
			);
			runOnlyForDeploymentPostprocessing = 0;
			shellPath = /bin/sh;
			shellScript = "diff \"${PODS_PODFILE_DIR_PATH}/Podfile.lock\" \"${PODS_ROOT}/Manifest.lock\" > /dev/null\nif [ $? != 0 ] ; then\n    # print error to STDERR\n    echo \"error: The sandbox is not in sync with the Podfile.lock. Run 'pod install' or update your CocoaPods installation.\" >&2\n    exit 1\nfi\n# This output is used by Xcode 'outputs' to avoid re-running this script phase.\necho \"SUCCESS\" > \"${SCRIPT_OUTPUT_FILE_0}\"\n";
			showEnvVarsInLog = 0;
		};
		628CA0270381831BB86561D6 /* [CP] Embed Pods Frameworks */ = {
			isa = PBXShellScriptBuildPhase;
			buildActionMask = 2147483647;
			files = (
			);
			inputFileListPaths = (
				"${PODS_ROOT}/Target Support Files/Pods-MyRxSwiftCollection-MyRxSwiftCollectionUITests/Pods-MyRxSwiftCollection-MyRxSwiftCollectionUITests-frameworks-${CONFIGURATION}-input-files.xcfilelist",
			);
			name = "[CP] Embed Pods Frameworks";
			outputFileListPaths = (
				"${PODS_ROOT}/Target Support Files/Pods-MyRxSwiftCollection-MyRxSwiftCollectionUITests/Pods-MyRxSwiftCollection-MyRxSwiftCollectionUITests-frameworks-${CONFIGURATION}-output-files.xcfilelist",
			);
			runOnlyForDeploymentPostprocessing = 0;
			shellPath = /bin/sh;
			shellScript = "\"${PODS_ROOT}/Target Support Files/Pods-MyRxSwiftCollection-MyRxSwiftCollectionUITests/Pods-MyRxSwiftCollection-MyRxSwiftCollectionUITests-frameworks.sh\"\n";
			showEnvVarsInLog = 0;
		};
		CE9EBF4624A675BFC07654C2 /* [CP] Embed Pods Frameworks */ = {
			isa = PBXShellScriptBuildPhase;
			buildActionMask = 2147483647;
			files = (
			);
			inputFileListPaths = (
				"${PODS_ROOT}/Target Support Files/Pods-MyRxSwiftCollection/Pods-MyRxSwiftCollection-frameworks-${CONFIGURATION}-input-files.xcfilelist",
			);
			name = "[CP] Embed Pods Frameworks";
			outputFileListPaths = (
				"${PODS_ROOT}/Target Support Files/Pods-MyRxSwiftCollection/Pods-MyRxSwiftCollection-frameworks-${CONFIGURATION}-output-files.xcfilelist",
			);
			runOnlyForDeploymentPostprocessing = 0;
			shellPath = /bin/sh;
			shellScript = "\"${PODS_ROOT}/Target Support Files/Pods-MyRxSwiftCollection/Pods-MyRxSwiftCollection-frameworks.sh\"\n";
			showEnvVarsInLog = 0;
		};
		D42E8A68F38BBD32F8913E26 /* [CP] Check Pods Manifest.lock */ = {
			isa = PBXShellScriptBuildPhase;
			buildActionMask = 2147483647;
			files = (
			);
			inputFileListPaths = (
			);
			inputPaths = (
				"${PODS_PODFILE_DIR_PATH}/Podfile.lock",
				"${PODS_ROOT}/Manifest.lock",
			);
			name = "[CP] Check Pods Manifest.lock";
			outputFileListPaths = (
			);
			outputPaths = (
				"$(DERIVED_FILE_DIR)/Pods-MyRxSwiftCollection-checkManifestLockResult.txt",
			);
			runOnlyForDeploymentPostprocessing = 0;
			shellPath = /bin/sh;
			shellScript = "diff \"${PODS_PODFILE_DIR_PATH}/Podfile.lock\" \"${PODS_ROOT}/Manifest.lock\" > /dev/null\nif [ $? != 0 ] ; then\n    # print error to STDERR\n    echo \"error: The sandbox is not in sync with the Podfile.lock. Run 'pod install' or update your CocoaPods installation.\" >&2\n    exit 1\nfi\n# This output is used by Xcode 'outputs' to avoid re-running this script phase.\necho \"SUCCESS\" > \"${SCRIPT_OUTPUT_FILE_0}\"\n";
			showEnvVarsInLog = 0;
		};
/* End PBXShellScriptBuildPhase section */

/* Begin PBXSourcesBuildPhase section */
		F290B07A267CAFCB0052AF3F /* Sources */ = {
			isa = PBXSourcesBuildPhase;
			buildActionMask = 2147483647;
			files = (
				F2E0E78E267F37B60017003C /* CarouselCollectionViewCell.swift in Sources */,
				F290B0BB267CC06C0052AF3F /* SearchViewController.swift in Sources */,
				F290B0C6267CC7320052AF3F /* UIViewController + Extensions.swift in Sources */,
				F2E0E78B267F33380017003C /* CarouselViewController.swift in Sources */,
				F208F7CB267DAC5200121FC8 /* AnimatedCellData.swift in Sources */,
				F290B0C3267CC6030052AF3F /* MainCoordinator.swift in Sources */,
				F290B086267CAFCB0052AF3F /* MainViewController.swift in Sources */,
				F208F7C9267DAADF00121FC8 /* AnimatedTableViewCell.swift in Sources */,
				F290B0B3267CB45E0052AF3F /* MainTableViewCell.swift in Sources */,
				F290B082267CAFCB0052AF3F /* AppDelegate.swift in Sources */,
				F290B0B6267CBB330052AF3F /* MyConstant.swift in Sources */,
				F208F7C8267DAADF00121FC8 /* AnimatedViewController.swift in Sources */,
				F290B0BF267CC25B0052AF3F /* BaseViewController.swift in Sources */,
				F290B0C1267CC3B30052AF3F /* SearchTableViewCell.swift in Sources */,
			);
			runOnlyForDeploymentPostprocessing = 0;
		};
		F290B090267CAFD20052AF3F /* Sources */ = {
			isa = PBXSourcesBuildPhase;
			buildActionMask = 2147483647;
			files = (
				F290B099267CAFD20052AF3F /* MyRxSwiftCollectionTests.swift in Sources */,
			);
			runOnlyForDeploymentPostprocessing = 0;
		};
		F290B09B267CAFD20052AF3F /* Sources */ = {
			isa = PBXSourcesBuildPhase;
			buildActionMask = 2147483647;
			files = (
				F290B0A4267CAFD20052AF3F /* MyRxSwiftCollectionUITests.swift in Sources */,
			);
			runOnlyForDeploymentPostprocessing = 0;
		};
/* End PBXSourcesBuildPhase section */

/* Begin PBXTargetDependency section */
		F290B096267CAFD20052AF3F /* PBXTargetDependency */ = {
			isa = PBXTargetDependency;
			target = F290B07D267CAFCB0052AF3F /* MyRxSwiftCollection */;
			targetProxy = F290B095267CAFD20052AF3F /* PBXContainerItemProxy */;
		};
		F290B0A1267CAFD20052AF3F /* PBXTargetDependency */ = {
			isa = PBXTargetDependency;
			target = F290B07D267CAFCB0052AF3F /* MyRxSwiftCollection */;
			targetProxy = F290B0A0267CAFD20052AF3F /* PBXContainerItemProxy */;
		};
/* End PBXTargetDependency section */

/* Begin PBXVariantGroup section */
		F290B087267CAFCB0052AF3F /* Main.storyboard */ = {
			isa = PBXVariantGroup;
			children = (
				F290B088267CAFCB0052AF3F /* Base */,
			);
			name = Main.storyboard;
			sourceTree = "<group>";
		};
		F290B08C267CAFD20052AF3F /* LaunchScreen.storyboard */ = {
			isa = PBXVariantGroup;
			children = (
				F290B08D267CAFD20052AF3F /* Base */,
			);
			name = LaunchScreen.storyboard;
			sourceTree = "<group>";
		};
/* End PBXVariantGroup section */

/* Begin XCBuildConfiguration section */
		F290B0A6267CAFD20052AF3F /* Debug */ = {
			isa = XCBuildConfiguration;
			buildSettings = {
				ALWAYS_SEARCH_USER_PATHS = NO;
				CLANG_ANALYZER_NONNULL = YES;
				CLANG_ANALYZER_NUMBER_OBJECT_CONVERSION = YES_AGGRESSIVE;
				CLANG_CXX_LANGUAGE_STANDARD = "gnu++14";
				CLANG_CXX_LIBRARY = "libc++";
				CLANG_ENABLE_MODULES = YES;
				CLANG_ENABLE_OBJC_ARC = YES;
				CLANG_ENABLE_OBJC_WEAK = YES;
				CLANG_WARN_BLOCK_CAPTURE_AUTORELEASING = YES;
				CLANG_WARN_BOOL_CONVERSION = YES;
				CLANG_WARN_COMMA = YES;
				CLANG_WARN_CONSTANT_CONVERSION = YES;
				CLANG_WARN_DEPRECATED_OBJC_IMPLEMENTATIONS = YES;
				CLANG_WARN_DIRECT_OBJC_ISA_USAGE = YES_ERROR;
				CLANG_WARN_DOCUMENTATION_COMMENTS = YES;
				CLANG_WARN_EMPTY_BODY = YES;
				CLANG_WARN_ENUM_CONVERSION = YES;
				CLANG_WARN_INFINITE_RECURSION = YES;
				CLANG_WARN_INT_CONVERSION = YES;
				CLANG_WARN_NON_LITERAL_NULL_CONVERSION = YES;
				CLANG_WARN_OBJC_IMPLICIT_RETAIN_SELF = YES;
				CLANG_WARN_OBJC_LITERAL_CONVERSION = YES;
				CLANG_WARN_OBJC_ROOT_CLASS = YES_ERROR;
				CLANG_WARN_QUOTED_INCLUDE_IN_FRAMEWORK_HEADER = YES;
				CLANG_WARN_RANGE_LOOP_ANALYSIS = YES;
				CLANG_WARN_STRICT_PROTOTYPES = YES;
				CLANG_WARN_SUSPICIOUS_MOVE = YES;
				CLANG_WARN_UNGUARDED_AVAILABILITY = YES_AGGRESSIVE;
				CLANG_WARN_UNREACHABLE_CODE = YES;
				CLANG_WARN__DUPLICATE_METHOD_MATCH = YES;
				COPY_PHASE_STRIP = NO;
				DEBUG_INFORMATION_FORMAT = dwarf;
				ENABLE_STRICT_OBJC_MSGSEND = YES;
				ENABLE_TESTABILITY = YES;
				GCC_C_LANGUAGE_STANDARD = gnu11;
				GCC_DYNAMIC_NO_PIC = NO;
				GCC_NO_COMMON_BLOCKS = YES;
				GCC_OPTIMIZATION_LEVEL = 0;
				GCC_PREPROCESSOR_DEFINITIONS = (
					"DEBUG=1",
					"$(inherited)",
				);
				GCC_WARN_64_TO_32_BIT_CONVERSION = YES;
				GCC_WARN_ABOUT_RETURN_TYPE = YES_ERROR;
				GCC_WARN_UNDECLARED_SELECTOR = YES;
				GCC_WARN_UNINITIALIZED_AUTOS = YES_AGGRESSIVE;
				GCC_WARN_UNUSED_FUNCTION = YES;
				GCC_WARN_UNUSED_VARIABLE = YES;
				IPHONEOS_DEPLOYMENT_TARGET = 14.5;
				MTL_ENABLE_DEBUG_INFO = INCLUDE_SOURCE;
				MTL_FAST_MATH = YES;
				ONLY_ACTIVE_ARCH = YES;
				SDKROOT = iphoneos;
				SWIFT_ACTIVE_COMPILATION_CONDITIONS = DEBUG;
				SWIFT_OPTIMIZATION_LEVEL = "-Onone";
			};
			name = Debug;
		};
		F290B0A7267CAFD20052AF3F /* Release */ = {
			isa = XCBuildConfiguration;
			buildSettings = {
				ALWAYS_SEARCH_USER_PATHS = NO;
				CLANG_ANALYZER_NONNULL = YES;
				CLANG_ANALYZER_NUMBER_OBJECT_CONVERSION = YES_AGGRESSIVE;
				CLANG_CXX_LANGUAGE_STANDARD = "gnu++14";
				CLANG_CXX_LIBRARY = "libc++";
				CLANG_ENABLE_MODULES = YES;
				CLANG_ENABLE_OBJC_ARC = YES;
				CLANG_ENABLE_OBJC_WEAK = YES;
				CLANG_WARN_BLOCK_CAPTURE_AUTORELEASING = YES;
				CLANG_WARN_BOOL_CONVERSION = YES;
				CLANG_WARN_COMMA = YES;
				CLANG_WARN_CONSTANT_CONVERSION = YES;
				CLANG_WARN_DEPRECATED_OBJC_IMPLEMENTATIONS = YES;
				CLANG_WARN_DIRECT_OBJC_ISA_USAGE = YES_ERROR;
				CLANG_WARN_DOCUMENTATION_COMMENTS = YES;
				CLANG_WARN_EMPTY_BODY = YES;
				CLANG_WARN_ENUM_CONVERSION = YES;
				CLANG_WARN_INFINITE_RECURSION = YES;
				CLANG_WARN_INT_CONVERSION = YES;
				CLANG_WARN_NON_LITERAL_NULL_CONVERSION = YES;
				CLANG_WARN_OBJC_IMPLICIT_RETAIN_SELF = YES;
				CLANG_WARN_OBJC_LITERAL_CONVERSION = YES;
				CLANG_WARN_OBJC_ROOT_CLASS = YES_ERROR;
				CLANG_WARN_QUOTED_INCLUDE_IN_FRAMEWORK_HEADER = YES;
				CLANG_WARN_RANGE_LOOP_ANALYSIS = YES;
				CLANG_WARN_STRICT_PROTOTYPES = YES;
				CLANG_WARN_SUSPICIOUS_MOVE = YES;
				CLANG_WARN_UNGUARDED_AVAILABILITY = YES_AGGRESSIVE;
				CLANG_WARN_UNREACHABLE_CODE = YES;
				CLANG_WARN__DUPLICATE_METHOD_MATCH = YES;
				COPY_PHASE_STRIP = NO;
				DEBUG_INFORMATION_FORMAT = "dwarf-with-dsym";
				ENABLE_NS_ASSERTIONS = NO;
				ENABLE_STRICT_OBJC_MSGSEND = YES;
				GCC_C_LANGUAGE_STANDARD = gnu11;
				GCC_NO_COMMON_BLOCKS = YES;
				GCC_WARN_64_TO_32_BIT_CONVERSION = YES;
				GCC_WARN_ABOUT_RETURN_TYPE = YES_ERROR;
				GCC_WARN_UNDECLARED_SELECTOR = YES;
				GCC_WARN_UNINITIALIZED_AUTOS = YES_AGGRESSIVE;
				GCC_WARN_UNUSED_FUNCTION = YES;
				GCC_WARN_UNUSED_VARIABLE = YES;
				IPHONEOS_DEPLOYMENT_TARGET = 14.5;
				MTL_ENABLE_DEBUG_INFO = NO;
				MTL_FAST_MATH = YES;
				SDKROOT = iphoneos;
				SWIFT_COMPILATION_MODE = wholemodule;
				SWIFT_OPTIMIZATION_LEVEL = "-O";
				VALIDATE_PRODUCT = YES;
			};
			name = Release;
		};
		F290B0A9267CAFD20052AF3F /* Debug */ = {
			isa = XCBuildConfiguration;
			baseConfigurationReference = F25FB92069DF1028B7540441 /* Pods-MyRxSwiftCollection.debug.xcconfig */;
			buildSettings = {
				ASSETCATALOG_COMPILER_APPICON_NAME = AppIcon;
				ASSETCATALOG_COMPILER_GLOBAL_ACCENT_COLOR_NAME = AccentColor;
				CODE_SIGN_STYLE = Automatic;
				DEVELOPMENT_TEAM = 3HY3SJR95F;
				INFOPLIST_FILE = MyRxSwiftCollection/Info.plist;
				IPHONEOS_DEPLOYMENT_TARGET = 11.0;
				LD_RUNPATH_SEARCH_PATHS = (
					"$(inherited)",
					"@executable_path/Frameworks",
				);
				PRODUCT_BUNDLE_IDENTIFIER = com.hwang.test.MyRxSwiftCollection;
				PRODUCT_NAME = "$(TARGET_NAME)";
				SWIFT_VERSION = 5.0;
				TARGETED_DEVICE_FAMILY = "1,2";
			};
			name = Debug;
		};
		F290B0AA267CAFD20052AF3F /* Release */ = {
			isa = XCBuildConfiguration;
			baseConfigurationReference = 93153EDFAD503C40C372ADA6 /* Pods-MyRxSwiftCollection.release.xcconfig */;
			buildSettings = {
				ASSETCATALOG_COMPILER_APPICON_NAME = AppIcon;
				ASSETCATALOG_COMPILER_GLOBAL_ACCENT_COLOR_NAME = AccentColor;
				CODE_SIGN_STYLE = Automatic;
				DEVELOPMENT_TEAM = 3HY3SJR95F;
				INFOPLIST_FILE = MyRxSwiftCollection/Info.plist;
				IPHONEOS_DEPLOYMENT_TARGET = 11.0;
				LD_RUNPATH_SEARCH_PATHS = (
					"$(inherited)",
					"@executable_path/Frameworks",
				);
				PRODUCT_BUNDLE_IDENTIFIER = com.hwang.test.MyRxSwiftCollection;
				PRODUCT_NAME = "$(TARGET_NAME)";
				SWIFT_VERSION = 5.0;
				TARGETED_DEVICE_FAMILY = "1,2";
			};
			name = Release;
		};
		F290B0AC267CAFD20052AF3F /* Debug */ = {
			isa = XCBuildConfiguration;
			baseConfigurationReference = C2B66BE940CBC54D0E93BAFA /* Pods-MyRxSwiftCollectionTests.debug.xcconfig */;
			buildSettings = {
				ALWAYS_EMBED_SWIFT_STANDARD_LIBRARIES = YES;
				BUNDLE_LOADER = "$(TEST_HOST)";
				CODE_SIGN_STYLE = Automatic;
				DEVELOPMENT_TEAM = 3HY3SJR95F;
				INFOPLIST_FILE = MyRxSwiftCollectionTests/Info.plist;
				IPHONEOS_DEPLOYMENT_TARGET = 14.5;
				LD_RUNPATH_SEARCH_PATHS = (
					"$(inherited)",
					"@executable_path/Frameworks",
					"@loader_path/Frameworks",
				);
				PRODUCT_BUNDLE_IDENTIFIER = com.hwang.test.MyRxSwiftCollectionTests;
				PRODUCT_NAME = "$(TARGET_NAME)";
				SWIFT_VERSION = 5.0;
				TARGETED_DEVICE_FAMILY = "1,2";
				TEST_HOST = "$(BUILT_PRODUCTS_DIR)/MyRxSwiftCollection.app/MyRxSwiftCollection";
			};
			name = Debug;
		};
		F290B0AD267CAFD20052AF3F /* Release */ = {
			isa = XCBuildConfiguration;
			baseConfigurationReference = E70CFD58D6E6258866AFED5D /* Pods-MyRxSwiftCollectionTests.release.xcconfig */;
			buildSettings = {
				ALWAYS_EMBED_SWIFT_STANDARD_LIBRARIES = YES;
				BUNDLE_LOADER = "$(TEST_HOST)";
				CODE_SIGN_STYLE = Automatic;
				DEVELOPMENT_TEAM = 3HY3SJR95F;
				INFOPLIST_FILE = MyRxSwiftCollectionTests/Info.plist;
				IPHONEOS_DEPLOYMENT_TARGET = 14.5;
				LD_RUNPATH_SEARCH_PATHS = (
					"$(inherited)",
					"@executable_path/Frameworks",
					"@loader_path/Frameworks",
				);
				PRODUCT_BUNDLE_IDENTIFIER = com.hwang.test.MyRxSwiftCollectionTests;
				PRODUCT_NAME = "$(TARGET_NAME)";
				SWIFT_VERSION = 5.0;
				TARGETED_DEVICE_FAMILY = "1,2";
				TEST_HOST = "$(BUILT_PRODUCTS_DIR)/MyRxSwiftCollection.app/MyRxSwiftCollection";
			};
			name = Release;
		};
		F290B0AF267CAFD20052AF3F /* Debug */ = {
			isa = XCBuildConfiguration;
			baseConfigurationReference = 00421B2D39E90AC0C0A1E19E /* Pods-MyRxSwiftCollection-MyRxSwiftCollectionUITests.debug.xcconfig */;
			buildSettings = {
				ALWAYS_EMBED_SWIFT_STANDARD_LIBRARIES = YES;
				CODE_SIGN_STYLE = Automatic;
				DEVELOPMENT_TEAM = 3HY3SJR95F;
				INFOPLIST_FILE = MyRxSwiftCollectionUITests/Info.plist;
				LD_RUNPATH_SEARCH_PATHS = (
					"$(inherited)",
					"@executable_path/Frameworks",
					"@loader_path/Frameworks",
				);
				PRODUCT_BUNDLE_IDENTIFIER = com.hwang.test.MyRxSwiftCollectionUITests;
				PRODUCT_NAME = "$(TARGET_NAME)";
				SWIFT_VERSION = 5.0;
				TARGETED_DEVICE_FAMILY = "1,2";
				TEST_TARGET_NAME = MyRxSwiftCollection;
			};
			name = Debug;
		};
		F290B0B0267CAFD20052AF3F /* Release */ = {
			isa = XCBuildConfiguration;
			baseConfigurationReference = B7AE1669F6C030F74469A208 /* Pods-MyRxSwiftCollection-MyRxSwiftCollectionUITests.release.xcconfig */;
			buildSettings = {
				ALWAYS_EMBED_SWIFT_STANDARD_LIBRARIES = YES;
				CODE_SIGN_STYLE = Automatic;
				DEVELOPMENT_TEAM = 3HY3SJR95F;
				INFOPLIST_FILE = MyRxSwiftCollectionUITests/Info.plist;
				LD_RUNPATH_SEARCH_PATHS = (
					"$(inherited)",
					"@executable_path/Frameworks",
					"@loader_path/Frameworks",
				);
				PRODUCT_BUNDLE_IDENTIFIER = com.hwang.test.MyRxSwiftCollectionUITests;
				PRODUCT_NAME = "$(TARGET_NAME)";
				SWIFT_VERSION = 5.0;
				TARGETED_DEVICE_FAMILY = "1,2";
				TEST_TARGET_NAME = MyRxSwiftCollection;
			};
			name = Release;
		};
/* End XCBuildConfiguration section */

/* Begin XCConfigurationList section */
		F290B079267CAFCB0052AF3F /* Build configuration list for PBXProject "MyRxSwiftCollection" */ = {
			isa = XCConfigurationList;
			buildConfigurations = (
				F290B0A6267CAFD20052AF3F /* Debug */,
				F290B0A7267CAFD20052AF3F /* Release */,
			);
			defaultConfigurationIsVisible = 0;
			defaultConfigurationName = Release;
		};
		F290B0A8267CAFD20052AF3F /* Build configuration list for PBXNativeTarget "MyRxSwiftCollection" */ = {
			isa = XCConfigurationList;
			buildConfigurations = (
				F290B0A9267CAFD20052AF3F /* Debug */,
				F290B0AA267CAFD20052AF3F /* Release */,
			);
			defaultConfigurationIsVisible = 0;
			defaultConfigurationName = Release;
		};
		F290B0AB267CAFD20052AF3F /* Build configuration list for PBXNativeTarget "MyRxSwiftCollectionTests" */ = {
			isa = XCConfigurationList;
			buildConfigurations = (
				F290B0AC267CAFD20052AF3F /* Debug */,
				F290B0AD267CAFD20052AF3F /* Release */,
			);
			defaultConfigurationIsVisible = 0;
			defaultConfigurationName = Release;
		};
		F290B0AE267CAFD20052AF3F /* Build configuration list for PBXNativeTarget "MyRxSwiftCollectionUITests" */ = {
			isa = XCConfigurationList;
			buildConfigurations = (
				F290B0AF267CAFD20052AF3F /* Debug */,
				F290B0B0267CAFD20052AF3F /* Release */,
			);
			defaultConfigurationIsVisible = 0;
			defaultConfigurationName = Release;
		};
/* End XCConfigurationList section */
	};
	rootObject = F290B076267CAFCB0052AF3F /* Project object */;
}
